version = 1
revision = 3
requires-python = ">=3.10"
resolution-markers = [
    "python_full_version >= '3.11'",
    "python_full_version < '3.11'",
]

[[package]]
name = "altgraph"
version = "0.17.5"
source = { registry = "https://pypi.org/simple" }
sdist = { url = "https://files.pythonhosted.org/packages/7e/f8/97fdf103f38fed6792a1601dbc16cc8aac56e7459a9fff08c812d8ae177a/altgraph-0.17.5.tar.gz", hash = "sha256:c87b395dd12fabde9c99573a9749d67da8d29ef9de0125c7f536699b4a9bc9e7", size = 48428, upload-time = "2025-11-21T20:35:50.583Z" }
wheels = [
    { url = "https://files.pythonhosted.org/packages/a9/ba/000a1996d4308bc65120167c21241a3b205464a2e0b58deda26ae8ac21d1/altgraph-0.17.5-py2.py3-none-any.whl", hash = "sha256:f3a22400bce1b0c701683820ac4f3b159cd301acab067c51c653e06961600597", size = 21228, upload-time = "2025-11-21T20:35:49.444Z" },
]

[[package]]
name = "evdev"
version = "1.9.3"
source = { registry = "https://pypi.org/simple" }
resolution-markers = [
    "python_full_version < '3.11'",
]
sdist = { url = "https://files.pythonhosted.org/packages/a5/f5/397b61091120a9ca5001041dd7bf76c385b3bfd67a0e5bcb74b852bd22a4/evdev-1.9.3.tar.gz", hash = "sha256:2c140e01ac8437758fa23fe5c871397412461f42d421aa20241dc8fe8cfccbc9", size = 32723, upload-time = "2026-02-05T21:54:24.987Z" }

[[package]]
name = "evdev"
version = "2.0.0"
source = { registry = "https://pypi.org/simple" }
resolution-markers = [
    "python_full_version >= '3.11'",
]
sdist = { url = "https://files.pythonhosted.org/packages/2e/07/eb30593524303d1367f0dc00c1c66582c994dba412a47751e34bad9fa29b/evdev-2.0.0.tar.gz", hash = "sha256:442fb3f4c8dfc9e61e901133c356220c02d663eca8f34722e0cecdd637eba504", size = 33766, upload-time = "2026-08-23T10:31:26.835Z" }

[[package]]
name = "macholib"
version = "1.16.4"
source = { registry = "https://pypi.org/simple" }
dependencies = [
    { name = "altgraph" },
]
sdist = { url = "https://files.pythonhosted.org/packages/10/2f/97589876ea967487978071c9042518d28b958d87b17dceb7cdc1d881f963/macholib-1.16.4.tar.gz", hash = "sha256:f408c93ab2e995cd2c46e34fe328b130404be143469e41bc366c807448979362", size = 59427, upload-time = "2025-11-22T08:28:38.373Z" }
wheels = [
    { url = "https://files.pythonhosted.org/packages/c7/d1/a9f36f8ecdf0fb7c9b1e78c8d7af12b8c8754e74851ac7b94a8305540fc7/macholib-1.16.4-py2.py3-none-any.whl", hash = "sha256:da1a3fa8266e30f0ce7e97c6a54eefaae8edd1e5f86f3eb8b95457cae90265ea", size = 38117, upload-time = "2025-11-22T08:28:36.939Z" },
]

[[package]]
name = "packaging"
version = "26.3"
source = { registry = "https://pypi.org/simple" }
sdist = { url = "https://files.pythonhosted.org/packages/7d/fa/3944b40b07da9ce895c0e6303a5ab7d53da063554f534556b134a54d6093/packaging-26.3.tar.gz", hash = "sha256:94edc256424af38762eb31306eed28beb9f0efc50a8837492c9d6fd6004aed79", size = 313412, upload-time = "2026-08-04T18:15:28.737Z" }
wheels = [
    { url = "https://files.pythonhosted.org/packages/63/34/ba1c580383c9eada3711951fef0795c80b829a078d72188184bcab9dd527/packaging-26.3-py3-none-any.whl", hash = "sha256:d7193f7c8e4e93f444fde0262bf90af30e16fa0ad0ad44cb553c87339b23cd1c", size = 129956, upload-time = "2026-08-04T18:15:27.159Z" },
]

[[package]]
name = "pefile"
version = "2024.8.26"
source = { registry = "https://pypi.org/simple" }
sdist = { url = "https://files.pythonhosted.org/packages/03/4f/2750f7f6f025a1507cd3b7218691671eecfd0bbebebe8b39aa0fe1d360b8/pefile-2024.8.26.tar.gz", hash = "sha256:3ff6c5d8b43e8c37bb6e6dd5085658d658a7a0bdcd20b6a07b1fcfc1c4e9d632", size = 76008, upload-time = "2024-08-26T20:58:38.155Z" }
wheels = [
    { url = "https://files.pythonhosted.org/packages/54/16/12b82f791c7f50ddec566873d5bdd245baa1491bac11d15ffb98aecc8f8b/pefile-2024.8.26-py3-none-any.whl", hash = "sha256:76f8b485dcd3b1bb8166f1128d395fa3d87af26360c2358fb75b80019b957c6f", size = 74766, upload-time = "2024-08-26T21:01:02.632Z" },
]

[[package]]
name = "pyinstaller"
version = "6.22.3"
source = { registry = "https://pypi.org/simple" }
dependencies = [
    { name = "altgraph" },
    { name = "macholib", marker = "sys_platform == 'darwin'" },
    { name = "packaging" },
    { name = "pefile", marker = "sys_platform == 'win32'" },
    { name = "pyinstaller-hooks-contrib" },
    { name = "pywin32-ctypes", marker = "sys_platform == 'win32'" },
    { name = "setuptools" },
]
sdist = { url = "https://files.pythonhosted.org/packages/63/41/f90302845945abd4ed647933ff5ee7c6ac93983187be67f897b6cb613331/pyinstaller-6.22.3.tar.gz", hash = "sha256:05eb2f5615503e72939a7224d68b4aff572c6b0438ee4a17d0a4b481f399362d", size = 4437180, upload-time = "2026-09-12T21:54:09.669Z" }
wheels = [
    { url = "https://files.pythonhosted.org/packages/ec/af/898f70947e27f8e65d55183c780e77112e023c0b4a6fba6255d4d563a27d/pyinstaller-6.22.3-py3-none-macosx_10_13_universal2.whl", hash = "sha256:052f4a1cd4f81092ccb7a18fe8ebc9ecf832a5917317e39fb3775af4e959b253", size = 1071847, upload-time = "2026-09-12T21:53:01.711Z" },
    { url = "https://files.pythonhosted.org/packages/c4/96/99f5184985141c2b024bfa61335e9142ae444555224f303186e59b7bb438/pyinstaller-6.22.3-py3-none-manylinux2014_aarch64.whl", hash = "sha256:312da84b4b31ab9750066a823734c11b7c68757fdd67c9f038bf19c330a954e4", size = 758172, upload-time = "2026-09-12T21:53:06.171Z" },
    { url = "https://files.pythonhosted.org/packages/69/9f/9ccb12cc1e6617042cb028fe79f0a756f5f03305bd14b584a4e043fe3844/pyinstaller-6.22.3-py3-none-manylinux2014_i686.whl", hash = "sha256:020d4fe0627f5c73dfbcfad1a6578ef354d5fe4bdccd9d8e5a615528f5a45d2b", size = 772135, upload-time = "2026-09-12T21:53:10.291Z" },
    { url = "https://files.pythonhosted.org/packages/c1/43/4b1d5193a88628c052db89f064433681076959a9f41d0d9f660001b49079/pyinstaller-6.22.3-py3-none-manylinux2014_ppc64le.whl", hash = "sha256:9e4f7bd64b2103f14b4a6240fb9155e9fe7bc61391b4043bbddb7d3ebc8ab0fa", size = 770461, upload-time = "2026-09-12T21:53:14.592Z" },
    { url = "https://files.pythonhosted.org/packages/cb/83/f173f8757c618d83e116fa2b8e57c5cd796e5ad09792e664eabd6ac5edae/pyinstaller-6.22.3-py3-none-manylinux2014_s390x.whl", hash = "sha256:f82d0fb89f21c3ed6f482ee16f341bc59e8a31dbabb9bae9ef04e53ade4dc0d9", size = 764997, upload-time = "2026-09-12T21:53:19.079Z" },
    { url = "https://files.pythonhosted.org/packages/7b/b6/dd21d61fc5e25377be24eabf13e99e4e46548a5abe2bf7b15d8b3d9cc74a/pyinstaller-6.22.3-py3-none-manylinux2014_x86_64.whl", hash = "sha256:451a4ae14b719365bf1a2f0a99dae7b3463060061c3a394c70d5264cfb439528", size = 764974, upload-time = "2026-09-12T21:53:23.176Z" },
    { url = "https://files.pythonhosted.org/packages/6c/fd/d9590942972b1fc205519f7ccffb0d5cd8eb1d6fa61edad319c71d25baed/pyinstaller-6.22.3-py3-none-musllinux_1_1_aarch64.whl", hash = "sha256:ea240b5dfa831ff673c97505eee0ec24670bccf71396c83109440348944c83d0", size = 764450, upload-time = "2026-09-12T21:53:27.419Z" },
    { url = "https://files.pythonhosted.org/packages/72/d6/f22c55d1768433b65c460b19a3136dd9769b6c74b786149b829344654c7d/pyinstaller-6.22.3-py3-none-musllinux_1_1_x86_64.whl", hash = "sha256:a2b6fc26601e8c2596c3d54981566934a3382e85d05d0fe91b55b6a8dcc6b282", size = 763863, upload-time = "2026-09-12T21:53:31.609Z" },
    { url = "https://files.pythonhosted.org/packages/c5/87/cf28cfd42ceca889171e6dd5e7f1553d4372db83d047049ffb7cf95fcbd4/pyinstaller-6.22.3-py3-none-win32.whl", hash = "sha256:46a3e30a118341a1ec20667a5a95aa7e0aa8c4fa129893c0151b3eb3f801a722", size = 1390905, upload-time = "2026-09-12T21:53:38.133Z" },
    { url = "https://files.pythonhosted.org/packages/24/83/c5422204772a27aef643280fdc887b7ef55679989096b21dceb1b9625fc4/pyinstaller-6.22.3-py3-none-win_amd64.whl", hash = "sha256:500bd58c7bf7e584a8435adccbd763a0b918d5c12b08d74ff50fd79b2915458b", size = 1454907, upload-time = "2026-09-12T21:53:44.812Z" },
    { url = "https://files.pythonhosted.org/packages/67/2e/ebc93968bf63f81b122e205da116b16036b653b7ce2cc8ad86e3ddd19586/pyinstaller-6.22.3-py3-none-win_arm64.whl", hash = "sha256:31df3cc4261e804a53d358b7897c293ec8b88b167a7cca06c78018085c855f97", size = 1402956, upload-time = "2026-09-12T21:53:51.369Z" },
]

[[package]]
name = "pyinstaller-hooks-contrib"
version = "2026.7"
source = { registry = "https://pypi.org/simple" }
dependencies = [
    { name = "packaging" },
]
sdist = { url = "https://files.pythonhosted.org/packages/26/60/d881fa1ba8c160c18d8e6f782bb16ec4640c08bc08fc50f704c368ad4f9e/pyinstaller_hooks_contrib-2026.7.tar.gz", hash = "sha256:5fbcaacb22c4f4aac869a127dce283f67a4b4cfcc37d496f2446603e6d68aefa", size = 175992, upload-time = "2026-08-24T21:26:58.713Z" }
wheels = [
    { url = "https://files.pythonhosted.org/packages/0a/67/350377af7b50416344ab8792756d414eef7629c618a73e9a0b13bb1552d9/pyinstaller_hooks_contrib-2026.7-py3-none-any.whl", hash = "sha256:24257a04c7a5a7a034cf28e39dcee20fbeeb9f043076729480f2e1b69904408a", size = 459445, upload-time = "2026-08-24T21:26:57.274Z" },
]

[[package]]
name = "pynput"
version = "1.8.2"
source = { registry = "https://pypi.org/simple" }
dependencies = [
    { name = "evdev", version = "1.9.3", source = { registry = "https://pypi.org/simple" }, marker = "python_full_version < '3.11' and 'linux' in sys_platform" },
    { name = "evdev", version = "2.0.0", source = { registry = "https://pypi.org/simple" }, marker = "python_full_version >= '3.11' and 'linux' in sys_platform" },
    { name = "pyobjc-framework-applicationservices", marker = "sys_platform == 'darwin'" },
    { name = "pyobjc-framework-quartz", marker = "sys_platform == 'darwin'" },
    { name = "python-xlib", marker = "'linux' in sys_platform" },
    { name = "six" },
]
sdist = { url = "https://files.pythonhosted.org/packages/86/c6/e2d415610cfbc78308bee44218a46124aaa3301b1df08814df819b2254a1/pynput-1.8.2.tar.gz", hash = "sha256:f493c87157cd3861b4468f7f896857051762f44ed26f1b641e7cc5840a457087", size = 82818, upload-time = "2026-05-12T19:11:39.464Z" }
wheels = [
    { url = "https://files.pythonhosted.org/packages/6d/98/bbeb760852adb27f166ce1617f0e51aabb15f21b1e60ea703f2aed3c78ac/pynput-1.8.2-py2.py3-none-any.whl", hash = "sha256:8cc38cf13a6ab2749cb375678be8a0fd705d7ce49c8001ff5db4007a723bbef1", size = 92028, upload-time = "2026-05-12T19:11:37.89Z" },
]

[[package]]
name = "pyobjc-core"
version = "12.2.2"
source = { registry = "https://pypi.org/simple" }
sdist = { url = "https://files.pythonhosted.org/packages/a5/78/abc4ce5920305780aeb36b4067a86253378b36e29ba96673a3deb02eb03a/pyobjc_core-12.2.2.tar.gz", hash = "sha256:3906452339cd06a3bb07df103c2511d4cb0f7a22d8771c0b802eba15d9a642b6", size = 1067701, upload-time = "2026-08-11T19:43:39.059Z" }
wheels = [
    { url = "https://files.pythonhosted.org/packages/00/1d/baf7197cee12f32a8eb9f8633093da1ec1ea702b0e1346bc1c7bfe022673/pyobjc_core-12.2.2-cp310-cp310-macosx_10_9_universal2.whl", hash = "sha256:56c6c39f1de059fcbb174ebca5525505fc8feaa89be2a28c329bf09b6b25ee75", size = 6483051, upload-time = "2026-08-11T13:55:45.262Z" },
    { url = "https://files.pythonhosted.org/packages/ce/8e/18284fec7913ef78b25a1c97f9689ebef98bc14038386191491516abeb25/pyobjc_core-12.2.2-cp311-cp311-macosx_10_9_universal2.whl", hash = "sha256:b9cdd686e32db8e451feb19f8a85bc4cd52c2893103881d04aca51e1f35371d1", size = 6481574, upload-time = "2026-08-11T14:13:27.153Z" },
    { url = "https://files.pythonhosted.org/packages/86/b2/bbf7f049880ab40d110e66f25122342a1f6c98d6fe3c59bb98985503c660/pyobjc_core-12.2.2-cp312-cp312-macosx_10_13_universal2.whl", hash = "sha256:122e6ad302a2abf5d4d4adb0156db751600ddf2768441696cba17b31323085e7", size = 6427637, upload-time = "2026-08-11T14:51:36.038Z" },
    { url = "https://files.pythonhosted.org/packages/1b/ed/a8bf040caf3704023d74086b7fb96cf4ed2e844e24bd94e5248ba214b700/pyobjc_core-12.2.2-cp313-cp313-macosx_10_13_universal2.whl", hash = "sha256:950bd2d9c74634398c4e3d24ef2f213d4e23d705083697464fa67afedc53c1ad", size = 6427113, upload-time = "2026-08-11T15:04:39.424Z" },
    { url = "https://files.pythonhosted.org/packages/e7/5a/760f8b9e116edd43c57e33844dc17619158fbdd311250d4209910192d72d/pyobjc_core-12.2.2-cp313-cp313t-macosx_10_13_universal2.whl", hash = "sha256:3772b406edb3ff78171530a17cda1c4a7817f87b87ded0d8715b3fa664df16db", size = 6666817, upload-time = "2026-08-11T19:30:17.01Z" },
    { url = "https://files.pythonhosted.org/packages/13/37/486d38a173b0b8dce973a3e13c74cf402ed1b8621586b5963bc9efd49a48/pyobjc_core-12.2.2-cp314-cp314-macosx_10_15_universal2.whl", hash = "sha256:2062e8ad30a310441cd022544a897553408bebeaa7820d5edba3c96fd7fd693b", size = 6421184, upload-time = "2026-08-11T19:30:21.081Z" },
    { url = "https://files.pythonhosted.org/packages/04/f1/d138fd9b9a66ea8db56a8138b77d3413b85da3defe13363a19f364f85529/pyobjc_core-12.2.2-cp314-cp314t-macosx_10_15_universal2.whl", hash = "sha256:2c7ef3d2f865b4b3ebb14ec3556f7a3e8abb6d130c67275cd9daa08dbd6e4e4e", size = 6671824, upload-time = "2026-08-11T19:30:25.005Z" },
    { url = "https://files.pythonhosted.org/packages/d5/85/577e2265cccf59daf48c460f0a8deeaf7dbe2991227a8859ab1eeab4945e/pyobjc_core-12.2.2-cp315-cp315-macosx_10_15_universal2.whl", hash = "sha256:89acc6bc13aaa6e3f52b0ce652ede7e201edb6bf062741b246b0c5a44582f25f", size = 6477694, upload-time = "2026-08-11T19:30:28.821Z" },
    { url = "https://files.pythonhosted.org/packages/77/0a/bd9f830c64c6f334530831e75c01bfe0a770a3fbb00fddc70329223118b3/pyobjc_core-12.2.2-cp315-cp315t-macosx_10_15_universal2.whl", hash = "sha256:59a77038ebe0ab1240f61c341e7fb67b8674f2b4cd41bc71a6472511a12b50f7", size = 6712233, upload-time = "2026-08-11T19:30:33.032Z" },
]

[[package]]
name = "pyobjc-framework-applicationservices"
version = "12.2.2"
source = { registry = "https://pypi.org/simple" }
dependencies = [
    { name = "pyobjc-core" },
    { name = "pyobjc-framework-cocoa" },
    { name = "pyobjc-framework-coretext" },
    { name = "pyobjc-framework-quartz" },
]
sdist = { url = "https://files.pythonhosted.org/packages/29/40/b792ecc88a9fa639318509c127f0b153cd334bd27b47df373f4b7362a36d/pyobjc_framework_applicationservices-12.2.2.tar.gz", hash = "sha256:0bcc09531d5854598fd74706d999e4ae3b7c503204d318910d02eba30e8eecef", size = 109668, upload-time = "2026-08-11T19:43:45.347Z" }
wheels = [
    { url = "https://files.pythonhosted.org/packages/85/ef/5a105ab3388a286982b41f15adfce27fff5a2b1e11a3c29143817e99809c/pyobjc_framework_applicationservices-12.2.2-cp310-cp310-macosx_10_9_universal2.whl", hash = "sha256:e525167b28560d1cbadadcaee4bcdd20c999f6af3e489cc63bacde4ed1a6b549", size = 32709, upload-time = "2026-08-11T19:30:54.864Z" },
    { url = "https://files.pythonhosted.org/packages/76/84/50b6ef800cb7d2c4e0e081dbc536023bbf71010894b5a724aff2ee2b756c/pyobjc_framework_applicationservices-12.2.2-cp311-cp311-macosx_10_9_universal2.whl", hash = "sha256:82275ea56be975ee84fafdb340dcfee6b5289422c3f674c1982d3fcd47ba68c9", size = 32703, upload-time = "2026-08-11T19:30:55.803Z" },
    { url = "https://files.pythonhosted.org/packages/00/ed/9d85751400f1cd23d71c824a57352ec4d216a8728255dc00c032c431d3ad/pyobjc_framework_applicationservices-12.2.2-cp312-cp312-macosx_10_13_universal2.whl", hash = "sha256:5506bd6b5268a97fcb79b5b021f6cbbaaf5cdff3ec87094d8870268d8cf096ed", size = 32765, upload-time = "2026-08-11T19:30:56.696Z" },
    { url = "https://files.pythonhosted.org/packages/b1/9d/fe660a822cc66a4261227b1597855c802b04dee56e5c8c153b9d5e6bcf0d/pyobjc_framework_applicationservices-12.2.2-cp313-cp313-macosx_10_13_universal2.whl", hash = "sha256:3b5693a377480cf127caa1c8c835b8620896971029c545d99d01aa31a2c38159", size = 32787, upload-time = "2026-08-11T19:30:57.52Z" },
    { url = "https://files.pythonhosted.org/packages/18/8c/deec4cdf8bc7b21bc2fb9e0e25e3cf99acb645d46207e8e6298a70b7f310/pyobjc_framework_applicationservices-12.2.2-cp313-cp313t-macosx_10_13_universal2.whl", hash = "sha256:93ba63aad6607f369c1b38bf91306731da6306fdde5eb67afa407b3f8a87dda7", size = 33043, upload-time = "2026-08-11T19:30:58.669Z" },
    { url = "https://files.pythonhosted.org/packages/f8/cb/44f11b0c2c9fde80eff62e761ac006735811acadac007ffd5d33a97d7530/pyobjc_framework_applicationservices-12.2.2-cp314-cp314-macosx_10_15_universal2.whl", hash = "sha256:1af01a271b85eae2a327e93cf3ec46de0199a1a933594f78d4c2b9b9c2240e5e", size = 32921, upload-time = "2026-08-11T19:30:59.608Z" },
    { url = "https://files.pythonhosted.org/packages/ec/05/e3935a3d49c9e289c7229a49ea96757a54bab075dd8b41b3f28f60e1415f/pyobjc_framework_applicationservices-12.2.2-cp314-cp314t-macosx_10_15_universal2.whl", hash = "sha256:4188a79f2774778dd5f2bcfb49b856d08dd824862f072924be40274b5a5cad95", size = 33160, upload-time = "2026-08-11T19:31:00.759Z" },
    { url = "https://files.pythonhosted.org/packages/1e/9e/23ff404a3ae067746465bcf162b12b8c892ae25a66c72231c702ae1e874e/pyobjc_framework_applicationservices-12.2.2-cp315-cp315-macosx_10_15_universal2.whl", hash = "sha256:fc861e14f78e7370e982202b21db8bcb562dc14cd4098e557a17961d3411de45", size = 32912, upload-time = "2026-08-11T19:31:01.612Z" },
    { url = "https://files.pythonhosted.org/packages/78/f6/e68ae3cc13ff08b5e8aaef754f884fb4afb394dbc17ebb3858e65e9d095e/pyobjc_framework_applicationservices-12.2.2-cp315-cp315t-macosx_10_15_universal2.whl", hash = "sha256:3f9dde6d8e8fb8ebd79ac6e84212c1d294eba48fa2d4c467a29614c3ca5ef2f8", size = 33155, upload-time = "2026-08-11T19:31:02.579Z" },
]

[[package]]
name = "pyobjc-framework-cocoa"
version = "12.2.2"
source = { registry = "https://pypi.org/simple" }
dependencies = [
    { name = "pyobjc-core" },
]
sdist = { url = "https://files.pythonhosted.org/packages/75/76/49c6da2c6a831020b4854ba20079d5a1030474bffc776b7b73c2eeff8c15/pyobjc_framework_cocoa-12.2.2.tar.gz", hash = "sha256:c96c0ef69a71afbbb0e6a7d594b455c5fe47d62e0db376ee7a2b4b828c16ace9", size = 3132831, upload-time = "2026-08-11T19:44:02.288Z" }
wheels = [
    { url = "https://files.pythonhosted.org/packages/e1/dd/aba439652cae293a736680ef5ed5cc29419adbbac1c6d4555b910741d516/pyobjc_framework_cocoa-12.2.2-cp310-cp310-macosx_10_9_universal2.whl", hash = "sha256:5a751c8033a3b51f7996f0327e0675eb44dcfdfe7920fae01e3d78b662723fff", size = 387296, upload-time = "2026-08-11T19:32:40.684Z" },
    { url = "https://files.pythonhosted.org/packages/f6/a7/370f12143661dff66f2c68a735938afab6530aa3b153f6a7a6f12b5eabab/pyobjc_framework_cocoa-12.2.2-cp311-cp311-macosx_10_9_universal2.whl", hash = "sha256:851dca4c16e70b405e5cd5a8c166cf7c445ae54a4cdd95ce9a523803172f32d1", size = 387300, upload-time = "2026-08-11T19:32:42.043Z" },
    { url = "https://files.pythonhosted.org/packages/fd/2f/b67e73d8bc367e03fe7861cd9c49fff9dcfa6db83bc0630c0adcfb25b7fa/pyobjc_framework_cocoa-12.2.2-cp312-cp312-macosx_10_13_universal2.whl", hash = "sha256:e106f395531e67694376b0f1184612cbeea3ec8b9bf56b55ef41d026171d2a2d", size = 388117, upload-time = "2026-08-11T19:32:43.161Z" },
    { url = "https://files.pythonhosted.org/packages/db/e1/5d9b04ebb60042b9cb49adc2d33115e2f2c2e4ff7d548017bfaff8b7f536/pyobjc_framework_cocoa-12.2.2-cp313-cp313-macosx_10_13_universal2.whl", hash = "sha256:600b1723184ca094931330e79355274949965460e23de38628d601b5a967baf9", size = 388181, upload-time = "2026-08-11T19:32:44.537Z" },
    { url = "https://files.pythonhosted.org/packages/b4/25/2a343357d5fe09bbe9c0e294dc03450866a0d6c1792fad36b6bcc00174c0/pyobjc_framework_cocoa-12.2.2-cp313-cp313t-macosx_10_13_universal2.whl", hash = "sha256:875f2aad73963faa81a6b36ae674fd494a4658d6d999e1075e0e2aca3d2391df", size = 392275, upload-time = "2026-08-11T19:32:45.631Z" },
    { url = "https://files.pythonhosted.org/packages/1f/1a/b99521999b9f54b89aad928ddff0faad507abfe33bc46599454bfa48a4b2/pyobjc_framework_cocoa-12.2.2-cp314-cp314-macosx_10_15_universal2.whl", hash = "sha256:889d7bbd4ba2d4941078bfbbfb882138e51dbead27df006abfe0f2e0d49b5b2e", size = 388368, upload-time = "2026-08-11T19:32:46.781Z" },
    { url = "https://files.pythonhosted.org/packages/6d/26/0c697dbc73dcc76bc0f68ea5aeed25bf7b05217df5102659e878501b2d5f/pyobjc_framework_cocoa-12.2.2-cp314-cp314t-macosx_10_15_universal2.whl", hash = "sha256:de69c5933750f3a4599ed962eccd92b6a71914c7e4318dacc7895738a8ae60d7", size = 392404, upload-time = "2026-08-11T19:32:47.918Z" },
    { url = "https://files.pythonhosted.org/packages/df/82/502f740fd8f4e9ef741c9d40ba67467ab2c8196f2c09dcba12936d28a4fd/pyobjc_framework_cocoa-12.2.2-cp315-cp315-macosx_10_15_universal2.whl", hash = "sha256:0e8ace0d44a00d281281a723d17fcd05eea7544a38a6a512e1fd018ddb7aece2", size = 388585, upload-time = "2026-08-11T19:32:49.171Z" },
    { url = "https://files.pythonhosted.org/packages/7d/3b/07ce3c0ab8d1e9e1bed74fea1bf1cce73527a365a7a23c755051d3be9865/pyobjc_framework_cocoa-12.2.2-cp315-cp315t-macosx_10_15_universal2.whl", hash = "sha256:8fe5b2e79c9530f667b4e58a87a3a15ea62f86a5d19eec405517ecbd4f454868", size = 392693, upload-time = "2026-08-11T19:32:50.283Z" },
]

[[package]]
name = "pyobjc-framework-coretext"
version = "12.2.2"
source = { registry = "https://pypi.org/simple" }
dependencies = [
    { name = "pyobjc-core" },
    { name = "pyobjc-framework-cocoa" },
    { name = "pyobjc-framework-quartz" },
]
sdist = { url = "https://files.pythonhosted.org/packages/6d/66/405006d3502ffcd3bc69e0b7249ab7c05a5b43a07fa3959ce6b2a84f3278/pyobjc_framework_coretext-12.2.2.tar.gz", hash = "sha256:64ddc02303217028e32e22c7cc00b5112d84e9d9a67c37d00c2e54f9172284ab", size = 97658, upload-time = "2026-08-11T19:44:17.207Z" }
wheels = [
    { url = "https://files.pythonhosted.org/packages/e9/52/491235fa0450ff90a9d84792c77d7908fa25e2d5e6a96ebab91542852618/pyobjc_framework_coretext-12.2.2-cp310-cp310-macosx_10_9_universal2.whl", hash = "sha256:8af29c8f5fd3404b2ce3730ac1166c5b66e206830603facb85d0ad3ede5309dc", size = 30019, upload-time = "2026-08-11T19:34:40.202Z" },
    { url = "https://files.pythonhosted.org/packages/8e/27/248f417d419520d9ff9997b37012e41cfb1b4bd35650b15fbd7f1f3c4749/pyobjc_framework_coretext-12.2.2-cp311-cp311-macosx_10_9_universal2.whl", hash = "sha256:77a379ff47c599cb2bab918eb75680d30d950692ec19d67b734d11ded090b4e1", size = 30023, upload-time = "2026-08-11T19:34:41.111Z" },
    { url = "https://files.pythonhosted.org/packages/1c/88/e85a9268285fc0c28284dbdc869a27f5d3f2e436d2838221a6704b4f8eee/pyobjc_framework_coretext-12.2.2-cp312-cp312-macosx_10_13_universal2.whl", hash = "sha256:a69611de569d92776e6391ca25492a5bbb4a05ba744006349e377a4fc5f7c8a5", size = 30120, upload-time = "2026-08-11T19:34:41.94Z" },
    { url = "https://files.pythonhosted.org/packages/6c/6d/e1a4c572c867bd40b705687c741a747083c6dbc63bd797bb6ed5c5108f6e/pyobjc_framework_coretext-12.2.2-cp313-cp313-macosx_10_13_universal2.whl", hash = "sha256:dbd0f288a859e359ee8e7ccf45bc2c489f38ae1087c21468b61d700433e0c91b", size = 30117, upload-time = "2026-08-11T19:34:42.88Z" },
    { url = "https://files.pythonhosted.org/packages/aa/de/ffdf698b69a2b26af73d32ba1bcc06bc6efc0699f5936995017a66c42efb/pyobjc_framework_coretext-12.2.2-cp313-cp313t-macosx_10_13_universal2.whl", hash = "sha256:1324d91305022b1de03a12cf82de2b42c87dafe9b12cde6237253658a8637139", size = 30663, upload-time = "2026-08-11T19:34:43.635Z" },
    { url = "https://files.pythonhosted.org/packages/dc/7d/e1bcc7acdbe431d3bc2d8a7a8e807e99f552a9e1479f936d6318cfd7c0c0/pyobjc_framework_coretext-12.2.2-cp314-cp314-macosx_10_15_universal2.whl", hash = "sha256:295d1037494630527acc24d116b0301ab5cf5e918952f49f7bf4f76ebae24d0c", size = 30101, upload-time = "2026-08-11T19:34:44.577Z" },
    { url = "https://files.pythonhosted.org/packages/50/f4/8d489c3bd31644a8f1fc5f6416e27ccb0252cc6eb535788bebfa9ef43d9d/pyobjc_framework_coretext-12.2.2-cp314-cp314t-macosx_10_15_universal2.whl", hash = "sha256:b585f0db77280930cb32e71cf8d27f5203d8c0f42a65fba690294530ab6e1aa6", size = 30644, upload-time = "2026-08-11T19:34:45.357Z" },
    { url = "https://files.pythonhosted.org/packages/6f/f4/8b5a1e09b4cf938a3c27474c84f9cbd4ac14d411b6d59a6d7653290f26e4/pyobjc_framework_coretext-12.2.2-cp315-cp315-macosx_10_15_universal2.whl", hash = "sha256:f1ad871d761bad9a0d461cceeeff7375a39f4d181c2a206dada6fc05307fec12", size = 30103, upload-time = "2026-08-11T19:34:46.155Z" },
    { url = "https://files.pythonhosted.org/packages/e8/81/392f9054dc897ed0db83b09775c3eb4906b189c1a6f62903105ac7fbddcd/pyobjc_framework_coretext-12.2.2-cp315-cp315t-macosx_10_15_universal2.whl", hash = "sha256:1dc50de18346c4d6c89a51df066f03beea81e3557e3090ddc2a7a59395332fd8", size = 30666, upload-time = "2026-08-11T19:34:46.92Z" },
]

[[package]]
name = "pyobjc-framework-quartz"
version = "12.2.2"
source = { registry = "https://pypi.org/simple" }
dependencies = [
    { name = "pyobjc-core" },
    { name = "pyobjc-framework-cocoa" },
]
sdist = { url = "https://files.pythonhosted.org/packages/35/b1/426a37c7ae37280b3ffca2571fb48f211946aee2f4ca31a603ed1943c4a7/pyobjc_framework_quartz-12.2.2.tar.gz", hash = "sha256:810f97b210cfd93704d240860286dfd6df09f9f1c52525fc5c2166723aea3f9e", size = 3218295, upload-time = "2026-08-11T19:45:15.189Z" }
wheels = [
    { url = "https://files.pythonhosted.org/packages/3c/94/2c9839958b0a2a040e22cca145040a8fc2612f099eda7524900d741f560d/pyobjc_framework_quartz-12.2.2-cp310-cp310-macosx_10_9_universal2.whl", hash = "sha256:d89a5f47c079b5c340d2b1cbb83eb6c4c92d4bb17cd4daf7d8c02c91a49f5399", size = 218007, upload-time = "2026-08-11T19:40:22.077Z" },
    { url = "https://files.pythonhosted.org/packages/b9/e8/16d07170d4e1bd182a8e6084abdf283fac90979384b8f53107be9eb110e6/pyobjc_framework_quartz-12.2.2-cp311-cp311-macosx_10_9_universal2.whl", hash = "sha256:4b01e325b0cdc121e78730dde9756e971b23069bf141cd62efbcaac76d7b6dbb", size = 218008, upload-time = "2026-08-11T19:40:23.36Z" },
    { url = "https://files.pythonhosted.org/packages/ed/e4/8be95d2ff850f82fb55b44c63333a00a920bf8a73642e7d9c2f3638a26d2/pyobjc_framework_quartz-12.2.2-cp312-cp312-macosx_10_13_universal2.whl", hash = "sha256:7f668979d0c7320bf8f7ed6e030da578f93ab0f5dd619b295ec735cd8d5faa34", size = 219003, upload-time = "2026-08-11T19:40:24.425Z" },
    { url = "https://files.pythonhosted.org/packages/bb/ae/b515852dbe491171f2f2e2eb7739588a5eb7f36720a739545337b8c0d706/pyobjc_framework_quartz-12.2.2-cp313-cp313-macosx_10_13_universal2.whl", hash = "sha256:0ec9751904ef975bf0789d760dc4fadcb400edc4ffe4a736eb54971968babe5c", size = 219404, upload-time = "2026-08-11T19:40:25.461Z" },
    { url = "https://files.pythonhosted.org/packages/ff/5f/c7ee66f4483385396d91f65036c62f3dd20bccaa07354643ef17b259aa75/pyobjc_framework_quartz-12.2.2-cp313-cp313t-macosx_10_13_universal2.whl", hash = "sha256:63f6f0f3233dcf650aac1374781e78961b0b17b33e3351953bacf8bd0c430593", size = 224462, upload-time = "2026-08-11T19:40:26.647Z" },
    { url = "https://files.pythonhosted.org/packages/b1/33/230ae7777b0909fe2c24f28413c51c860faebf762d824b097a0e2fb48304/pyobjc_framework_quartz-12.2.2-cp314-cp314-macosx_10_15_universal2.whl", hash = "sha256:1f7f3d9010e38f03ea1fa266664c10ea349cd7492bd603b403584f49d713dbed", size = 219773, upload-time = "2026-08-11T19:40:27.64Z" },
    { url = "https://files.pythonhosted.org/packages/25/eb/7482fdd384521916e98a6164be220494b1f7794792b1d60fa3f5207d84a4/pyobjc_framework_quartz-12.2.2-cp314-cp314t-macosx_10_15_universal2.whl", hash = "sha256:ebf8167ca2096cf3a05199decfa517be0df4c56048f49cf132bd6b1a6ab9c086", size = 224726, upload-time = "2026-08-11T19:40:28.718Z" },
    { url = "https://files.pythonhosted.org/packages/33/67/b4b0ffc486b08492bfef4b33731d044b295f1696c8fb7d119c8367079139/pyobjc_framework_quartz-12.2.2-cp315-cp315-macosx_10_15_universal2.whl", hash = "sha256:cee63b891c2b6b7ccf98f233175411529f3e80286f58438793b3634af79858f1", size = 219827, upload-time = "2026-08-11T19:40:29.764Z" },
    { url = "https://files.pythonhosted.org/packages/aa/eb/5fb627c2457046883c6fd12d25c44db40c12bcde4622dc0f30851108e106/pyobjc_framework_quartz-12.2.2-cp315-cp315t-macosx_10_15_universal2.whl", hash = "sha256:8f58c589b5a76ba98f186b1f3b19fb1c8b730e82351f81fb62e6194f64a71622", size = 224767, upload-time = "2026-08-11T19:40:30.991Z" },
]

[[package]]
name = "python-xlib"
version = "0.33"
source = { registry = "https://pypi.org/simple" }
dependencies = [
    { name = "six" },
]
sdist = { url = "https://files.pythonhosted.org/packages/86/f5/8c0653e5bb54e0cbdfe27bf32d41f27bc4e12faa8742778c17f2a71be2c0/python-xlib-0.33.tar.gz", hash = "sha256:55af7906a2c75ce6cb280a584776080602444f75815a7aff4d287bb2d7018b32", size = 269068, upload-time = "2022-12-25T18:53:00.824Z" }
wheels = [
    { url = "https://files.pythonhosted.org/packages/fc/b8/ff33610932e0ee81ae7f1269c890f697d56ff74b9f5b2ee5d9b7fa2c5355/python_xlib-0.33-py2.py3-none-any.whl", hash = "sha256:c3534038d42e0df2f1392a1b30a15a4ff5fdc2b86cfa94f072bf11b10a164398", size = 182185, upload-time = "2022-12-25T18:52:58.662Z" },
]

[[package]]
name = "pywin32-ctypes"
version = "0.2.3"
source = { registry = "https://pypi.org/simple" }
sdist = { url = "https://files.pythonhosted.org/packages/85/9f/01a1a99704853cb63f253eea009390c88e7131c67e66a0a02099a8c917cb/pywin32-ctypes-0.2.3.tar.gz", hash = "sha256:d162dc04946d704503b2edc4d55f3dba5c1d539ead017afa00142c38b9885755", size = 29471, upload-time = "2024-08-14T10:15:34.626Z" }
wheels = [
    { url = "https://files.pythonhosted.org/packages/de/3d/8161f7711c017e01ac9f008dfddd9410dff3674334c233bde66e7ba65bbf/pywin32_ctypes-0.2.3-py3-none-any.whl", hash = "sha256:8a1513379d709975552d202d942d9837758905c8d01eb82b8bcc30918929e7b8", size = 30756, upload-time = "2024-08-14T10:15:33.187Z" },
]

[[package]]
name = "setuptools"
version = "84.0.0"
source = { registry = "https://pypi.org/simple" }
sdist = { url = "https://files.pythonhosted.org/packages/6d/44/f5da03a8ef95d369145c5bb53050e7877c9f3d312e128605fd9504829143/setuptools-84.0.0.tar.gz", hash = "sha256:f4695c21257f0d9b537ec2692c941d02ee143b7cc1276941349a546573b2ef73", size = 1168449, upload-time = "2026-08-08T18:27:58.365Z" }
wheels = [
    { url = "https://files.pythonhosted.org/packages/95/9c/c510029fc6ef33a6275cd2c5d3cecd6613dfd6aa401d57c54f1c18852ccf/setuptools-84.0.0-py3-none-any.whl", hash = "sha256:51a52592b3b99e102b609654876bd65f19f999935166d1352678931132b0c670", size = 818216, upload-time = "2026-08-08T18:27:56.719Z" },
]

[[package]]
name = "six"
version = "1.17.0"
source = { registry = "https://pypi.org/simple" }
sdist = { url = "https://files.pythonhosted.org/packages/94/e7/b2c673351809dca68a0e064b6af791aa332cf192da575fd474ed7d6f16a2/six-1.17.0.tar.gz", hash = "sha256:ff70335d468e7eb6ec65b95b99d3a2836546063f63acc5171de367e834932a81", size = 34031, upload-time = "2024-12-04T17:35:28.174Z" }
wheels = [
    { url = "https://files.pythonhosted.org/packages/b7/ce/149a00dd41f10bc29e5921b496af8b574d8413afcd5e30dfa0ed46c2cc5e/six-1.17.0-py2.py3-none-any.whl", hash = "sha256:4721f391ed90541fddacab5acf947aa0d3dc7d27b2e1e8eda2be8970586c3274", size = 11050, upload-time = "2024-12-04T17:35:26.475Z" },
]

[[package]]
name = "xkeyboard-switch-fix"
version = "0.1.0"
source = { virtual = "." }
dependencies = [
    { name = "evdev", version = "1.9.3", source = { registry = "https://pypi.org/simple" }, marker = "python_full_version < '3.11'" },
    { name = "evdev", version = "2.0.0", source = { registry = "https://pypi.org/simple" }, marker = "python_full_version >= '3.11'" },
    { name = "pynput" },
    { name = "python-xlib" },
]

[package.dev-dependencies]
dev = [
    { name = "pyinstaller" },
]

[package.metadata]
requires-dist = [
    { name = "evdev", specifier = ">=1.6.0" },
    { name = "pynput", specifier = ">=1.7.3" },
    { name = "python-xlib", specifier = ">=0.31" },
]

[package.metadata.requires-dev]
dev = [{ name = "pyinstaller", specifier = ">=6.0" }]
